
Microsoft Visual Studio Solution File, Format Version 12.00
# Visual Studio Version 17
VisualStudioVersion = 17.0.32014.148
MinimumVisualStudioVersion = 10.0.40219.1
Project("{9A19103F-16F7-4668-BE54-9A1E7A4F7556}") = "DashboardAPI", "DashboardAPI\DashboardAPI.csproj", "{B5BDC0E7-0B49-4ACB-A855-2FA95FE77825}"
EndProject
Project("{9A19103F-16F7-4668-BE54-9A1E7A4F7556}") = "DashboardDBAccess", "DashboardDBAccess\DashboardDBAccess.csproj", "{B16CDFF7-0FF5-40C0-A442-D86CAE37CFDD}"
EndProject
Project("{9A19103F-16F7-4668-BE54-9A1E7A4F7556}") = "DashboardAPI.FunctionalTests", "DashboardAPI.FunctionalTests\DashboardAPI.FunctionalTests.csproj", "{70C97D0B-82AF-45C5-BCD4-DDC62676863C}"
EndProject
Project("{9A19103F-16F7-4668-BE54-9A1E7A4F7556}") = "DashboardAPI.Tests", "DashboardAPI.Tests\DashboardAPI.Tests.csproj", "{F8604BB9-A2C3-4BEE-8C3B-664132A50EDD}"
EndProject
Project("{9A19103F-16F7-4668-BE54-9A1E7A4F7556}") = "DashboardDBAccess.Tests", "DashboardDBAccess.Tests\DashboardDBAccess.Tests.csproj", "{AD9F7BB8-EABB-453A-884D-1196AADE4BDE}"
EndProject
Global
	GlobalSection(SolutionConfigurationPlatforms) = preSolution
		Debug|Any CPU = Debug|Any CPU
		Release|Any CPU = Release|Any CPU
	EndGlobalSection
	GlobalSection(ProjectConfigurationPlatforms) = postSolution
		{B5BDC0E7-0B49-4ACB-A855-2FA95FE77825}.Debug|Any CPU.ActiveCfg = Debug|Any CPU
		{B5BDC0E7-0B49-4ACB-A855-2FA95FE77825}.Debug|Any CPU.Build.0 = Debug|Any CPU
		{B5BDC0E7-0B49-4ACB-A855-2FA95FE77825}.Release|Any CPU.ActiveCfg = Release|Any CPU
		{B5BDC0E7-0B49-4ACB-A855-2FA95FE77825}.Release|Any CPU.Build.0 = Release|Any CPU
		{B16CDFF7-0FF5-40C0-A442-D86CAE37CFDD}.Debug|Any CPU.ActiveCfg = Debug|Any CPU
		{B16CDFF7-0FF5-40C0-A442-D86CAE37CFDD}.Debug|Any CPU.Build.0 = Debug|Any CPU
		{B16CDFF7-0FF5-40C0-A442-D86CAE37CFDD}.Release|Any CPU.ActiveCfg = Release|Any CPU
		{B16CDFF7-0FF5-40C0-A442-D86CAE37CFDD}.Release|Any CPU.Build.0 = Release|Any CPU
		{70C97D0B-82AF-45C5-BCD4-DDC62676863C}.Debug|Any CPU.ActiveCfg = Debug|Any CPU
		{70C97D0B-82AF-45C5-BCD4-DDC62676863C}.Debug|Any CPU.Build.0 = Debug|Any CPU
		{70C97D0B-82AF-45C5-BCD4-DDC62676863C}.Release|Any CPU.ActiveCfg = Release|Any CPU
		{70C97D0B-82AF-45C5-BCD4-DDC62676863C}.Release|Any CPU.Build.0 = Release|Any CPU
		{F8604BB9-A2C3-4BEE-8C3B-664132A50EDD}.Debug|Any CPU.ActiveCfg = Debug|Any CPU
		{F8604BB9-A2C3-4BEE-8C3B-664132A50EDD}.Debug|Any CPU.Build.0 = Debug|Any CPU
		{F8604BB9-A2C3-4BEE-8C3B-664132A50EDD}.Release|Any CPU.ActiveCfg = Release|Any CPU
		{F8604BB9-A2C3-4BEE-8C3B-664132A50EDD}.Release|Any CPU.Build.0 = Release|Any CPU
		{AD9F7BB8-EABB-453A-884D-1196AADE4BDE}.Debug|Any CPU.ActiveCfg = Debug|Any CPU
		{AD9F7BB8-EABB-453A-884D-1196AADE4BDE}.Debug|Any CPU.Build.0 = Debug|Any CPU
		{AD9F7BB8-EABB-453A-884D-1196AADE4BDE}.Release|Any CPU.ActiveCfg = Release|Any CPU
		{AD9F7BB8-EABB-453A-884D-1196AADE4BDE}.Release|Any CPU.Build.0 = Release|Any CPU
	EndGlobalSection
	GlobalSection(SolutionProperties) = preSolution
		HideSolutionNode = FALSE
	EndGlobalSection
	GlobalSection(ExtensibilityGlobals) = postSolution
		SolutionGuid = {3C0E2686-204E-4DD6-8B48-90E8F7D63B02}
	EndGlobalSection
EndGlobal
